golang.org/x/crypto v0.17.0 h1:r8bRNjWL3GshPW3gkd+RpvzWrZAwPS49OmTGZ/uhM4k=
golang.org/x/crypto v0.17.0/go.mod h1:gCAAfMLgwOJRpTjQ2zCCt2OcSfYMTeZVSRtQlPC7Nq4=
golang.org/x/crypto v0.29.0 h1:L5SG1JTTXupVV3n6sUqMTeWbjAyfPwoda2DLX8J8FrQ=
golang.org/x/crypto v0.29.0/go.mod h1:+F4F4N5hv6v38hfeYwTdx20oUvLLc+QfrE9Ax9HtgRg=
